
Microsoft Visual Studio Solution File, Format Version 12.00
# Visual Studio Version 16
VisualStudioVersion = 16.0.29926.136
MinimumVisualStudioVersion = 10.0.40219.1
Project("{FAE04EC0-301F-11D3-BF4B-00C04F79EFBC}") = "LoginWindowApp", "LoginWindowApp\LoginWindowApp.csproj", "{997860ED-0DD4-4657-A101-15EFFE17EE50}"
EndProject
Global
	GlobalSection(SolutionConfigurationPlatforms) = preSolution
		Debug|Any CPU = Debug|Any CPU
		Release|Any CPU = Release|Any CPU
	EndGlobalSection
	GlobalSection(ProjectConfigurationPlatforms) = postSolution
		{997860ED-0DD4-4657-A101-15EFFE17EE50}.Debug|Any CPU.ActiveCfg = Debug|Any CPU
		{997860ED-0DD4-4657-A101-15EFFE17EE50}.Debug|Any CPU.Build.0 = Debug|Any CPU
		{997860ED-0DD4-4657-A101-15EFFE17EE50}.Release|Any CPU.ActiveCfg = Release|Any CPU
		{997860ED-0DD4-4657-A101-15EFFE17EE50}.Release|Any CPU.Build.0 = Release|Any CPU
	EndGlobalSection
	GlobalSection(SolutionProperties) = preSolution
		HideSolutionNode = FALSE
	EndGlobalSection
	GlobalSection(ExtensibilityGlobals) = postSolution
		SolutionGuid = {DC5AABC4-76BD-41C1-8763-9F09D01A0109}
	EndGlobalSection
EndGlobal
